// !$*UTF8*$!
{
	archiveVersion = 1;
	classes = {
	};
	objectVersion = 77;
	objects = {

/* Begin PBXBuildFile section */
		258FE9632ECBC3A4004EE1E3 /* Flower.swift in Sources */ = {isa = PBXBuildFile; fileRef = 258FE9622ECBC3A4004EE1E3 /* Flower.swift */; };
		258FEA012ECF923A004EE1E3 /* Leaf.swift in Sources */ = {isa = PBXBuildFile; fileRef = 258FEA002ECF923A004EE1E3 /* Leaf.swift */; };
		25F9D3252ED4D9E30097703B /* Montessori_for_AllApp.swift in Sources */ = {isa = PBXBuildFile; fileRef = 25F9D3212ED4D9E30097703B /* Montessori_for_AllApp.swift */; };
		25F9D36C2ED571DB0097703B /* FlowerView.swift in Sources */ = {isa = PBXBuildFile; fileRef = 25F9D36B2ED571DB0097703B /* FlowerView.swift */; };
		25F9D36F2ED577910097703B /* DataStore.swift in Sources */ = {isa = PBXBuildFile; fileRef = 25F9D36E2ED577910097703B /* DataStore.swift */; };
		25F9D3942EDE22090097703B /* FlowerDetailView.swift in Sources */ = {isa = PBXBuildFile; fileRef = 25F9D3932EDE22090097703B /* FlowerDetailView.swift */; };
		25F9D3962EDE26810097703B /* ViewModel.swift in Sources */ = {isa = PBXBuildFile; fileRef = 25F9D3952EDE26810097703B /* ViewModel.swift */; };
/* End PBXBuildFile section */

/* Begin PBXContainerItemProxy section */
		258FE9452ECBB7E4004EE1E3 /* PBXContainerItemProxy */ = {
			isa = PBXContainerItemProxy;
			containerPortal = 258FE92D2ECBB7E2004EE1E3 /* Project object */;
			proxyType = 1;
			remoteGlobalIDString = 258FE9342ECBB7E2004EE1E3;
			remoteInfo = "Montessori for All";
		};
		258FE94F2ECBB7E5004EE1E3 /* PBXContainerItemProxy */ = {
			isa = PBXContainerItemProxy;
			containerPortal = 258FE92D2ECBB7E2004EE1E3 /* Project object */;
			proxyType = 1;
			remoteGlobalIDString = 258FE9342ECBB7E2004EE1E3;
			remoteInfo = "Montessori for All";
		};
/* End PBXContainerItemProxy section */

/* Begin PBXFileReference section */
		258FE9352ECBB7E2004EE1E3 /* Montessori for All.app */ = {isa = PBXFileReference; explicitFileType = wrapper.application; includeInIndex = 0; path = "Montessori for All.app"; sourceTree = BUILT_PRODUCTS_DIR; };
		258FE9442ECBB7E4004EE1E3 /* Montessori for AllTests.xctest */ = {isa = PBXFileReference; explicitFileType = wrapper.cfbundle; includeInIndex = 0; path = "Montessori for AllTests.xctest"; sourceTree = BUILT_PRODUCTS_DIR; };
		258FE94E2ECBB7E5004EE1E3 /* Montessori for AllUITests.xctest */ = {isa = PBXFileReference; explicitFileType = wrapper.cfbundle; includeInIndex = 0; path = "Montessori for AllUITests.xctest"; sourceTree = BUILT_PRODUCTS_DIR; };
		258FE9622ECBC3A4004EE1E3 /* Flower.swift */ = {isa = PBXFileReference; lastKnownFileType = sourcecode.swift; path = Flower.swift; sourceTree = "<group>"; };
		258FEA002ECF923A004EE1E3 /* Leaf.swift */ = {isa = PBXFileReference; lastKnownFileType = sourcecode.swift; path = Leaf.swift; sourceTree = "<group>"; };
		25F9D3212ED4D9E30097703B /* Montessori_for_AllApp.swift */ = {isa = PBXFileReference; lastKnownFileType = sourcecode.swift; path = Montessori_for_AllApp.swift; sourceTree = "<group>"; };
		25F9D36B2ED571DB0097703B /* FlowerView.swift */ = {isa = PBXFileReference; lastKnownFileType = sourcecode.swift; path = FlowerView.swift; sourceTree = "<group>"; };
		25F9D36E2ED577910097703B /* DataStore.swift */ = {isa = PBXFileReference; lastKnownFileType = sourcecode.swift; path = DataStore.swift; sourceTree = "<group>"; };
		25F9D3932EDE22090097703B /* FlowerDetailView.swift */ = {isa = PBXFileReference; lastKnownFileType = sourcecode.swift; path = FlowerDetailView.swift; sourceTree = "<group>"; };
		25F9D3952EDE26810097703B /* ViewModel.swift */ = {isa = PBXFileReference; lastKnownFileType = sourcecode.swift; path = ViewModel.swift; sourceTree = "<group>"; };
/* End PBXFileReference section */

/* Begin PBXFileSystemSynchronizedRootGroup section */
		258FE9372ECBB7E2004EE1E3 /* Montessori for All */ = {
			isa = PBXFileSystemSynchronizedRootGroup;
			path = "Montessori for All";
			sourceTree = "<group>";
		};
		258FE9472ECBB7E4004EE1E3 /* Montessori for AllTests */ = {
			isa = PBXFileSystemSynchronizedRootGroup;
			path = "Montessori for AllTests";
			sourceTree = "<group>";
		};
		258FE9512ECBB7E5004EE1E3 /* Montessori for AllUITests */ = {
			isa = PBXFileSystemSynchronizedRootGroup;
			path = "Montessori for AllUITests";
			sourceTree = "<group>";
		};
/* End PBXFileSystemSynchronizedRootGroup section */

/* Begin PBXFrameworksBuildPhase section */
		258FE9322ECBB7E2004EE1E3 /* Frameworks */ = {
			isa = PBXFrameworksBuildPhase;
			buildActionMask = 2147483647;
			files = (
			);
			runOnlyForDeploymentPostprocessing = 0;
		};
		258FE9412ECBB7E4004EE1E3 /* Frameworks */ = {
			isa = PBXFrameworksBuildPhase;
			buildActionMask = 2147483647;
			files = (
			);
			runOnlyForDeploymentPostprocessing = 0;
		};
		258FE94B2ECBB7E5004EE1E3 /* Frameworks */ = {
			isa = PBXFrameworksBuildPhase;
			buildActionMask = 2147483647;
			files = (
			);
			runOnlyForDeploymentPostprocessing = 0;
		};
/* End PBXFrameworksBuildPhase section */

/* Begin PBXGroup section */
		258FE92C2ECBB7E2004EE1E3 = {
			isa = PBXGroup;
			children = (
				25F9D3212ED4D9E30097703B /* Montessori_for_AllApp.swift */,
				258FE9642ECBC3D1004EE1E3 /* Infant Toddler 0 - 3 */,
				258FE9652ECBC3EE004EE1E3 /* Early Childhood 3 - 6 */,
				258FE9662ECBC40C004EE1E3 /* Elementary 6 - 12 */,
				258FE9372ECBB7E2004EE1E3 /* Montessori for All */,
				258FE9472ECBB7E4004EE1E3 /* Montessori for AllTests */,
				258FE9512ECBB7E5004EE1E3 /* Montessori for AllUITests */,
				258FE9362ECBB7E2004EE1E3 /* Products */,
			);
			sourceTree = "<group>";
		};
		258FE9362ECBB7E2004EE1E3 /* Products */ = {
			isa = PBXGroup;
			children = (
				258FE9352ECBB7E2004EE1E3 /* Montessori for All.app */,
				258FE9442ECBB7E4004EE1E3 /* Montessori for AllTests.xctest */,
				258FE94E2ECBB7E5004EE1E3 /* Montessori for AllUITests.xctest */,
			);
			name = Products;
			sourceTree = "<group>";
		};
		258FE9612ECBC34E004EE1E3 /* Botany */ = {
			isa = PBXGroup;
			children = (
				25F9D36D2ED575530097703B /* Model */,
			);
			path = Botany;
			sourceTree = "<group>";
		};
		258FE9642ECBC3D1004EE1E3 /* Infant Toddler 0 - 3 */ = {
			isa = PBXGroup;
			children = (
			);
			path = "Infant Toddler 0 - 3";
			sourceTree = "<group>";
		};
		258FE9652ECBC3EE004EE1E3 /* Early Childhood 3 - 6 */ = {
			isa = PBXGroup;
			children = (
			);
			path = "Early Childhood 3 - 6";
			sourceTree = "<group>";
		};
		258FE9662ECBC40C004EE1E3 /* Elementary 6 - 12 */ = {
			isa = PBXGroup;
			children = (
				258FE9612ECBC34E004EE1E3 /* Botany */,
				25F9D36A2ED571B90097703B /* Views */,
			);
			path = "Elementary 6 - 12";
			sourceTree = "<group>";
		};
		25F9D36A2ED571B90097703B /* Views */ = {
			isa = PBXGroup;
			children = (
				25F9D3922EDE21EA0097703B /* FlowerView */,
			);
			path = Views;
			sourceTree = "<group>";
		};
		25F9D36D2ED575530097703B /* Model */ = {
			isa = PBXGroup;
			children = (
				258FEA002ECF923A004EE1E3 /* Leaf.swift */,
				258FE9622ECBC3A4004EE1E3 /* Flower.swift */,
				25F9D36E2ED577910097703B /* DataStore.swift */,
				25F9D3952EDE26810097703B /* ViewModel.swift */,
			);
			path = Model;
			sourceTree = "<group>";
		};
		25F9D3922EDE21EA0097703B /* FlowerView */ = {
			isa = PBXGroup;
			children = (
				25F9D36B2ED571DB0097703B /* FlowerView.swift */,
				25F9D3932EDE22090097703B /* FlowerDetailView.swift */,
			);
			path = FlowerView;
			sourceTree = "<group>";
		};
/* End PBXGroup section */

/* Begin PBXNativeTarget section */
		258FE9342ECBB7E2004EE1E3 /* Montessori for All */ = {
			isa = PBXNativeTarget;
			buildConfigurationList = 258FE9582ECBB7E5004EE1E3 /* Build configuration list for PBXNativeTarget "Montessori for All" */;
			buildPhases = (
				258FE9312ECBB7E2004EE1E3 /* Sources */,
				258FE9322ECBB7E2004EE1E3 /* Frameworks */,
				258FE9332ECBB7E2004EE1E3 /* Resources */,
			);
			buildRules = (
			);
			dependencies = (
			);
			fileSystemSynchronizedGroups = (
				258FE9372ECBB7E2004EE1E3 /* Montessori for All */,
			);
			name = "Montessori for All";
			packageProductDependencies = (
			);
			productName = "Montessori for All";
			productReference = 258FE9352ECBB7E2004EE1E3 /* Montessori for All.app */;
			productType = "com.apple.product-type.application";
		};
		258FE9432ECBB7E4004EE1E3 /* Montessori for AllTests */ = {
			isa = PBXNativeTarget;
			buildConfigurationList = 258FE95B2ECBB7E5004EE1E3 /* Build configuration list for PBXNativeTarget "Montessori for AllTests" */;
			buildPhases = (
				258FE9402ECBB7E4004EE1E3 /* Sources */,
				258FE9412ECBB7E4004EE1E3 /* Frameworks */,
				258FE9422ECBB7E4004EE1E3 /* Resources */,
			);
			buildRules = (
			);
			dependencies = (
				258FE9462ECBB7E4004EE1E3 /* PBXTargetDependency */,
			);
			fileSystemSynchronizedGroups = (
				258FE9472ECBB7E4004EE1E3 /* Montessori for AllTests */,
			);
			name = "Montessori for AllTests";
			packageProductDependencies = (
			);
			productName = "Montessori for AllTests";
			productReference = 258FE9442ECBB7E4004EE1E3 /* Montessori for AllTests.xctest */;
			productType = "com.apple.product-type.bundle.unit-test";
		};
		258FE94D2ECBB7E5004EE1E3 /* Montessori for AllUITests */ = {
			isa = PBXNativeTarget;
			buildConfigurationList = 258FE95E2ECBB7E5004EE1E3 /* Build configuration list for PBXNativeTarget "Montessori for AllUITests" */;
			buildPhases = (
				258FE94A2ECBB7E5004EE1E3 /* Sources */,
				258FE94B2ECBB7E5004EE1E3 /* Frameworks */,
				258FE94C2ECBB7E5004EE1E3 /* Resources */,
			);
			buildRules = (
			);
			dependencies = (
				258FE9502ECBB7E5004EE1E3 /* PBXTargetDependency */,
			);
			fileSystemSynchronizedGroups = (
				258FE9512ECBB7E5004EE1E3 /* Montessori for AllUITests */,
			);
			name = "Montessori for AllUITests";
			packageProductDependencies = (
			);
			productName = "Montessori for AllUITests";
			productReference = 258FE94E2ECBB7E5004EE1E3 /* Montessori for AllUITests.xctest */;
			productType = "com.apple.product-type.bundle.ui-testing";
		};
/* End PBXNativeTarget section */

/* Begin PBXProject section */
		258FE92D2ECBB7E2004EE1E3 /* Project object */ = {
			isa = PBXProject;
			attributes = {
				BuildIndependentTargetsInParallel = 1;
				LastSwiftUpdateCheck = 2600;
				LastUpgradeCheck = 2600;
				TargetAttributes = {
					258FE9342ECBB7E2004EE1E3 = {
						CreatedOnToolsVersion = 26.0.1;
					};
					258FE9432ECBB7E4004EE1E3 = {
						CreatedOnToolsVersion = 26.0.1;
						TestTargetID = 258FE9342ECBB7E2004EE1E3;
					};
					258FE94D2ECBB7E5004EE1E3 = {
						CreatedOnToolsVersion = 26.0.1;
						TestTargetID = 258FE9342ECBB7E2004EE1E3;
					};
				};
			};
			buildConfigurationList = 258FE9302ECBB7E2004EE1E3 /* Build configuration list for PBXProject "Montessori for All" */;
			developmentRegion = en;
			hasScannedForEncodings = 0;
			knownRegions = (
				en,
				Base,
			);
			mainGroup = 258FE92C2ECBB7E2004EE1E3;
			minimizedProjectReferenceProxies = 1;
			preferredProjectObjectVersion = 77;
			productRefGroup = 258FE9362ECBB7E2004EE1E3 /* Products */;
			projectDirPath = "";
			projectRoot = "";
			targets = (
				258FE9342ECBB7E2004EE1E3 /* Montessori for All */,
				258FE9432ECBB7E4004EE1E3 /* Montessori for AllTests */,
				258FE94D2ECBB7E5004EE1E3 /* Montessori for AllUITests */,
			);
		};
/* End PBXProject section */

/* Begin PBXResourcesBuildPhase section */
		258FE9332ECBB7E2004EE1E3 /* Resources */ = {
			isa = PBXResourcesBuildPhase;
			buildActionMask = 2147483647;
			files = (
			);
			runOnlyForDeploymentPostprocessing = 0;
		};
		258FE9422ECBB7E4004EE1E3 /* Resources */ = {
			isa = PBXResourcesBuildPhase;
			buildActionMask = 2147483647;
			files = (
			);
			runOnlyForDeploymentPostprocessing = 0;
		};
		258FE94C2ECBB7E5004EE1E3 /* Resources */ = {
			isa = PBXResourcesBuildPhase;
			buildActionMask = 2147483647;
			files = (
			);
			runOnlyForDeploymentPostprocessing = 0;
		};
/* End PBXResourcesBuildPhase section */

/* Begin PBXSourcesBuildPhase section */
		258FE9312ECBB7E2004EE1E3 /* Sources */ = {
			isa = PBXSourcesBuildPhase;
			buildActionMask = 2147483647;
			files = (
				25F9D36F2ED577910097703B /* DataStore.swift in Sources */,
				25F9D3962EDE26810097703B /* ViewModel.swift in Sources */,
				258FEA012ECF923A004EE1E3 /* Leaf.swift in Sources */,
				25F9D36C2ED571DB0097703B /* FlowerView.swift in Sources */,
				25F9D3252ED4D9E30097703B /* Montessori_for_AllApp.swift in Sources */,
				25F9D3942EDE22090097703B /* FlowerDetailView.swift in Sources */,
				258FE9632ECBC3A4004EE1E3 /* Flower.swift in Sources */,
			);
			runOnlyForDeploymentPostprocessing = 0;
		};
		258FE9402ECBB7E4004EE1E3 /* Sources */ = {
			isa = PBXSourcesBuildPhase;
			buildActionMask = 2147483647;
			files = (
			);
			runOnlyForDeploymentPostprocessing = 0;
		};
		258FE94A2ECBB7E5004EE1E3 /* Sources */ = {
			isa = PBXSourcesBuildPhase;
			buildActionMask = 2147483647;
			files = (
			);
			runOnlyForDeploymentPostprocessing = 0;
		};
/* End PBXSourcesBuildPhase section */

/* Begin PBXTargetDependency section */
		258FE9462ECBB7E4004EE1E3 /* PBXTargetDependency */ = {
			isa = PBXTargetDependency;
			target = 258FE9342ECBB7E2004EE1E3 /* Montessori for All */;
			targetProxy = 258FE9452ECBB7E4004EE1E3 /* PBXContainerItemProxy */;
		};
		258FE9502ECBB7E5004EE1E3 /* PBXTargetDependency */ = {
			isa = PBXTargetDependency;
			target = 258FE9342ECBB7E2004EE1E3 /* Montessori for All */;
			targetProxy = 258FE94F2ECBB7E5004EE1E3 /* PBXContainerItemProxy */;
		};
/* End PBXTargetDependency section */

/* Begin XCBuildConfiguration section */
		258FE9562ECBB7E5004EE1E3 /* Debug */ = {
			isa = XCBuildConfiguration;
			buildSettings = {
				ALWAYS_SEARCH_USER_PATHS = NO;
				ASSETCATALOG_COMPILER_GENERATE_SWIFT_ASSET_SYMBOL_EXTENSIONS = YES;
				CLANG_ANALYZER_NONNULL = YES;
				CLANG_ANALYZER_NUMBER_OBJECT_CONVERSION = YES_AGGRESSIVE;
				CLANG_CXX_LANGUAGE_STANDARD = "gnu++20";
				CLANG_ENABLE_MODULES = YES;
				CLANG_ENABLE_OBJC_ARC = YES;
				CLANG_ENABLE_OBJC_WEAK = YES;
				CLANG_WARN_BLOCK_CAPTURE_AUTORELEASING = YES;
				CLANG_WARN_BOOL_CONVERSION = YES;
				CLANG_WARN_COMMA = YES;
				CLANG_WARN_CONSTANT_CONVERSION = YES;
				CLANG_WARN_DEPRECATED_OBJC_IMPLEMENTATIONS = YES;
				CLANG_WARN_DIRECT_OBJC_ISA_USAGE = YES_ERROR;
				CLANG_WARN_DOCUMENTATION_COMMENTS = YES;
				CLANG_WARN_EMPTY_BODY = YES;
				CLANG_WARN_ENUM_CONVERSION = YES;
				CLANG_WARN_INFINITE_RECURSION = YES;
				CLANG_WARN_INT_CONVERSION = YES;
				CLANG_WARN_NON_LITERAL_NULL_CONVERSION = YES;
				CLANG_WARN_OBJC_IMPLICIT_RETAIN_SELF = YES;
				CLANG_WARN_OBJC_LITERAL_CONVERSION = YES;
				CLANG_WARN_OBJC_ROOT_CLASS = YES_ERROR;
				CLANG_WARN_QUOTED_INCLUDE_IN_FRAMEWORK_HEADER = YES;
				CLANG_WARN_RANGE_LOOP_ANALYSIS = YES;
				CLANG_WARN_STRICT_PROTOTYPES = YES;
				CLANG_WARN_SUSPICIOUS_MOVE = YES;
				CLANG_WARN_UNGUARDED_AVAILABILITY = YES_AGGRESSIVE;
				CLANG_WARN_UNREACHABLE_CODE = YES;
				CLANG_WARN__DUPLICATE_METHOD_MATCH = YES;
				COPY_PHASE_STRIP = NO;
				DEBUG_INFORMATION_FORMAT = dwarf;
				DEVELOPMENT_TEAM = 4Y95589NSD;
				ENABLE_STRICT_OBJC_MSGSEND = YES;
				ENABLE_TESTABILITY = YES;
				ENABLE_USER_SCRIPT_SANDBOXING = YES;
				GCC_C_LANGUAGE_STANDARD = gnu17;
				GCC_DYNAMIC_NO_PIC = NO;
				GCC_NO_COMMON_BLOCKS = YES;
				GCC_OPTIMIZATION_LEVEL = 0;
				GCC_PREPROCESSOR_DEFINITIONS = (
					"DEBUG=1",
					"$(inherited)",
				);
				GCC_WARN_64_TO_32_BIT_CONVERSION = YES;
				GCC_WARN_ABOUT_RETURN_TYPE = YES_ERROR;
				GCC_WARN_UNDECLARED_SELECTOR = YES;
				GCC_WARN_UNINITIALIZED_AUTOS = YES_AGGRESSIVE;
				GCC_WARN_UNUSED_FUNCTION = YES;
				GCC_WARN_UNUSED_VARIABLE = YES;
				LOCALIZATION_PREFERS_STRING_CATALOGS = YES;
				MTL_ENABLE_DEBUG_INFO = INCLUDE_SOURCE;
				MTL_FAST_MATH = YES;
				ONLY_ACTIVE_ARCH = YES;
				SWIFT_ACTIVE_COMPILATION_CONDITIONS = "DEBUG $(inherited)";
				SWIFT_OPTIMIZATION_LEVEL = "-Onone";
			};
			name = Debug;
		};
		258FE9572ECBB7E5004EE1E3 /* Release */ = {
			isa = XCBuildConfiguration;
			buildSettings = {
				ALWAYS_SEARCH_USER_PATHS = NO;
				ASSETCATALOG_COMPILER_GENERATE_SWIFT_ASSET_SYMBOL_EXTENSIONS = YES;
				CLANG_ANALYZER_NONNULL = YES;
				CLANG_ANALYZER_NUMBER_OBJECT_CONVERSION = YES_AGGRESSIVE;
				CLANG_CXX_LANGUAGE_STANDARD = "gnu++20";
				CLANG_ENABLE_MODULES = YES;
				CLANG_ENABLE_OBJC_ARC = YES;
				CLANG_ENABLE_OBJC_WEAK = YES;
				CLANG_WARN_BLOCK_CAPTURE_AUTORELEASING = YES;
				CLANG_WARN_BOOL_CONVERSION = YES;
				CLANG_WARN_COMMA = YES;
				CLANG_WARN_CONSTANT_CONVERSION = YES;
				CLANG_WARN_DEPRECATED_OBJC_IMPLEMENTATIONS = YES;
				CLANG_WARN_DIRECT_OBJC_ISA_USAGE = YES_ERROR;
				CLANG_WARN_DOCUMENTATION_COMMENTS = YES;
				CLANG_WARN_EMPTY_BODY = YES;
				CLANG_WARN_ENUM_CONVERSION = YES;
				CLANG_WARN_INFINITE_RECURSION = YES;
				CLANG_WARN_INT_CONVERSION = YES;
				CLANG_WARN_NON_LITERAL_NULL_CONVERSION = YES;
				CLANG_WARN_OBJC_IMPLICIT_RETAIN_SELF = YES;
				CLANG_WARN_OBJC_LITERAL_CONVERSION = YES;
				CLANG_WARN_OBJC_ROOT_CLASS = YES_ERROR;
				CLANG_WARN_QUOTED_INCLUDE_IN_FRAMEWORK_HEADER = YES;
				CLANG_WARN_RANGE_LOOP_ANALYSIS = YES;
				CLANG_WARN_STRICT_PROTOTYPES = YES;
				CLANG_WARN_SUSPICIOUS_MOVE = YES;
				CLANG_WARN_UNGUARDED_AVAILABILITY = YES_AGGRESSIVE;
				CLANG_WARN_UNREACHABLE_CODE = YES;
				CLANG_WARN__DUPLICATE_METHOD_MATCH = YES;
				COPY_PHASE_STRIP = NO;
				DEBUG_INFORMATION_FORMAT = "dwarf-with-dsym";
				DEVELOPMENT_TEAM = 4Y95589NSD;
				ENABLE_NS_ASSERTIONS = NO;
				ENABLE_STRICT_OBJC_MSGSEND = YES;
				ENABLE_USER_SCRIPT_SANDBOXING = YES;
				GCC_C_LANGUAGE_STANDARD = gnu17;
				GCC_NO_COMMON_BLOCKS = YES;
				GCC_WARN_64_TO_32_BIT_CONVERSION = YES;
				GCC_WARN_ABOUT_RETURN_TYPE = YES_ERROR;
				GCC_WARN_UNDECLARED_SELECTOR = YES;
				GCC_WARN_UNINITIALIZED_AUTOS = YES_AGGRESSIVE;
				GCC_WARN_UNUSED_FUNCTION = YES;
				GCC_WARN_UNUSED_VARIABLE = YES;
				LOCALIZATION_PREFERS_STRING_CATALOGS = YES;
				MTL_ENABLE_DEBUG_INFO = NO;
				MTL_FAST_MATH = YES;
				SWIFT_COMPILATION_MODE = wholemodule;
			};
			name = Release;
		};
		258FE9592ECBB7E5004EE1E3 /* Debug */ = {
			isa = XCBuildConfiguration;
			buildSettings = {
				ASSETCATALOG_COMPILER_APPICON_NAME = AppIcon;
				ASSETCATALOG_COMPILER_GLOBAL_ACCENT_COLOR_NAME = AccentColor;
				CODE_SIGN_STYLE = Automatic;
				CURRENT_PROJECT_VERSION = 1;
				DEVELOPMENT_TEAM = 4Y95589NSD;
				ENABLE_APP_SANDBOX = YES;
				ENABLE_HARDENED_RUNTIME = YES;
				ENABLE_PREVIEWS = YES;
				ENABLE_USER_SELECTED_FILES = readonly;
				GENERATE_INFOPLIST_FILE = YES;
				INFOPLIST_FILE = "Montessori-for-All-Info.plist";
				"INFOPLIST_KEY_UIApplicationSceneManifest_Generation[sdk=iphoneos*]" = YES;
				"INFOPLIST_KEY_UIApplicationSceneManifest_Generation[sdk=iphonesimulator*]" = YES;
				"INFOPLIST_KEY_UIApplicationSupportsIndirectInputEvents[sdk=iphoneos*]" = YES;
				"INFOPLIST_KEY_UIApplicationSupportsIndirectInputEvents[sdk=iphonesimulator*]" = YES;
				"INFOPLIST_KEY_UILaunchScreen_Generation[sdk=iphoneos*]" = YES;
				"INFOPLIST_KEY_UILaunchScreen_Generation[sdk=iphonesimulator*]" = YES;
				"INFOPLIST_KEY_UIStatusBarStyle[sdk=iphoneos*]" = UIStatusBarStyleDefault;
				"INFOPLIST_KEY_UIStatusBarStyle[sdk=iphonesimulator*]" = UIStatusBarStyleDefault;
				INFOPLIST_KEY_UISupportedInterfaceOrientations_iPad = "UIInterfaceOrientationPortrait UIInterfaceOrientationPortraitUpsideDown UIInterfaceOrientationLandscapeLeft UIInterfaceOrientationLandscapeRight";
				INFOPLIST_KEY_UISupportedInterfaceOrientations_iPhone = "UIInterfaceOrientationPortrait UIInterfaceOrientationLandscapeLeft UIInterfaceOrientationLandscapeRight";
				IPHONEOS_DEPLOYMENT_TARGET = 26.0;
				LD_RUNPATH_SEARCH_PATHS = "@executable_path/Frameworks";
				"LD_RUNPATH_SEARCH_PATHS[sdk=macosx*]" = "@executable_path/../Frameworks";
				MACOSX_DEPLOYMENT_TARGET = 15.7;
				MARKETING_VERSION = 1.0;
				PRODUCT_BUNDLE_IDENTIFIER = "com.shani.Montessori-for-All";
				PRODUCT_NAME = "$(TARGET_NAME)";
				REGISTER_APP_GROUPS = YES;
				SDKROOT = auto;
				STRING_CATALOG_GENERATE_SYMBOLS = YES;
				SUPPORTED_PLATFORMS = "iphoneos iphonesimulator macosx xros xrsimulator";
				SWIFT_APPROACHABLE_CONCURRENCY = YES;
				SWIFT_DEFAULT_ACTOR_ISOLATION = MainActor;
				SWIFT_EMIT_LOC_STRINGS = YES;
				SWIFT_UPCOMING_FEATURE_MEMBER_IMPORT_VISIBILITY = YES;
				SWIFT_VERSION = 5.0;
				TARGETED_DEVICE_FAMILY = "1,2,7";
				XROS_DEPLOYMENT_TARGET = 26.0;
			};
			name = Debug;
		};
		258FE95A2ECBB7E5004EE1E3 /* Release */ = {
			isa = XCBuildConfiguration;
			buildSettings = {
				ASSETCATALOG_COMPILER_APPICON_NAME = AppIcon;
				ASSETCATALOG_COMPILER_GLOBAL_ACCENT_COLOR_NAME = AccentColor;
				CODE_SIGN_STYLE = Automatic;
				CURRENT_PROJECT_VERSION = 1;
				DEVELOPMENT_TEAM = 4Y95589NSD;
				ENABLE_APP_SANDBOX = YES;
				ENABLE_HARDENED_RUNTIME = YES;
				ENABLE_PREVIEWS = YES;
				ENABLE_USER_SELECTED_FILES = readonly;
				GENERATE_INFOPLIST_FILE = YES;
				INFOPLIST_FILE = "Montessori-for-All-Info.plist";
				"INFOPLIST_KEY_UIApplicationSceneManifest_Generation[sdk=iphoneos*]" = YES;
				"INFOPLIST_KEY_UIApplicationSceneManifest_Generation[sdk=iphonesimulator*]" = YES;
				"INFOPLIST_KEY_UIApplicationSupportsIndirectInputEvents[sdk=iphoneos*]" = YES;
				"INFOPLIST_KEY_UIApplicationSupportsIndirectInputEvents[sdk=iphonesimulator*]" = YES;
				"INFOPLIST_KEY_UILaunchScreen_Generation[sdk=iphoneos*]" = YES;
				"INFOPLIST_KEY_UILaunchScreen_Generation[sdk=iphonesimulator*]" = YES;
				"INFOPLIST_KEY_UIStatusBarStyle[sdk=iphoneos*]" = UIStatusBarStyleDefault;
				"INFOPLIST_KEY_UIStatusBarStyle[sdk=iphonesimulator*]" = UIStatusBarStyleDefault;
				INFOPLIST_KEY_UISupportedInterfaceOrientations_iPad = "UIInterfaceOrientationPortrait UIInterfaceOrientationPortraitUpsideDown UIInterfaceOrientationLandscapeLeft UIInterfaceOrientationLandscapeRight";
				INFOPLIST_KEY_UISupportedInterfaceOrientations_iPhone = "UIInterfaceOrientationPortrait UIInterfaceOrientationLandscapeLeft UIInterfaceOrientationLandscapeRight";
				IPHONEOS_DEPLOYMENT_TARGET = 26.0;
				LD_RUNPATH_SEARCH_PATHS = "@executable_path/Frameworks";
				"LD_RUNPATH_SEARCH_PATHS[sdk=macosx*]" = "@executable_path/../Frameworks";
				MACOSX_DEPLOYMENT_TARGET = 15.7;
				MARKETING_VERSION = 1.0;
				PRODUCT_BUNDLE_IDENTIFIER = "com.shani.Montessori-for-All";
				PRODUCT_NAME = "$(TARGET_NAME)";
				REGISTER_APP_GROUPS = YES;
				SDKROOT = auto;
				STRING_CATALOG_GENERATE_SYMBOLS = YES;
				SUPPORTED_PLATFORMS = "iphoneos iphonesimulator macosx xros xrsimulator";
				SWIFT_APPROACHABLE_CONCURRENCY = YES;
				SWIFT_DEFAULT_ACTOR_ISOLATION = MainActor;
				SWIFT_EMIT_LOC_STRINGS = YES;
				SWIFT_UPCOMING_FEATURE_MEMBER_IMPORT_VISIBILITY = YES;
				SWIFT_VERSION = 5.0;
				TARGETED_DEVICE_FAMILY = "1,2,7";
				XROS_DEPLOYMENT_TARGET = 26.0;
			};
			name = Release;
		};
		258FE95C2ECBB7E5004EE1E3 /* Debug */ = {
			isa = XCBuildConfiguration;
			buildSettings = {
				BUNDLE_LOADER = "$(TEST_HOST)";
				CODE_SIGN_STYLE = Automatic;
				CURRENT_PROJECT_VERSION = 1;
				DEVELOPMENT_TEAM = 4Y95589NSD;
				GENERATE_INFOPLIST_FILE = YES;
				IPHONEOS_DEPLOYMENT_TARGET = 26.0;
				MACOSX_DEPLOYMENT_TARGET = 15.7;
				MARKETING_VERSION = 1.0;
				PRODUCT_BUNDLE_IDENTIFIER = "com.shani.Montessori-for-AllTests";
				PRODUCT_NAME = "$(TARGET_NAME)";
				SDKROOT = auto;
				STRING_CATALOG_GENERATE_SYMBOLS = NO;
				SUPPORTED_PLATFORMS = "iphoneos iphonesimulator macosx xros xrsimulator";
				SWIFT_APPROACHABLE_CONCURRENCY = YES;
				SWIFT_EMIT_LOC_STRINGS = NO;
				SWIFT_UPCOMING_FEATURE_MEMBER_IMPORT_VISIBILITY = YES;
				SWIFT_VERSION = 5.0;
				TARGETED_DEVICE_FAMILY = "1,2,7";
				TEST_HOST = "$(BUILT_PRODUCTS_DIR)/Montessori for All.app/$(BUNDLE_EXECUTABLE_FOLDER_PATH)/Montessori for All";
				XROS_DEPLOYMENT_TARGET = 26.0;
			};
			name = Debug;
		};
		258FE95D2ECBB7E5004EE1E3 /* Release */ = {
			isa = XCBuildConfiguration;
			buildSettings = {
				BUNDLE_LOADER = "$(TEST_HOST)";
				CODE_SIGN_STYLE = Automatic;
				CURRENT_PROJECT_VERSION = 1;
				DEVELOPMENT_TEAM = 4Y95589NSD;
				GENERATE_INFOPLIST_FILE = YES;
				IPHONEOS_DEPLOYMENT_TARGET = 26.0;
				MACOSX_DEPLOYMENT_TARGET = 15.7;
				MARKETING_VERSION = 1.0;
				PRODUCT_BUNDLE_IDENTIFIER = "com.shani.Montessori-for-AllTests";
				PRODUCT_NAME = "$(TARGET_NAME)";
				SDKROOT = auto;
				STRING_CATALOG_GENERATE_SYMBOLS = NO;
				SUPPORTED_PLATFORMS = "iphoneos iphonesimulator macosx xros xrsimulator";
				SWIFT_APPROACHABLE_CONCURRENCY = YES;
				SWIFT_EMIT_LOC_STRINGS = NO;
				SWIFT_UPCOMING_FEATURE_MEMBER_IMPORT_VISIBILITY = YES;
				SWIFT_VERSION = 5.0;
				TARGETED_DEVICE_FAMILY = "1,2,7";
				TEST_HOST = "$(BUILT_PRODUCTS_DIR)/Montessori for All.app/$(BUNDLE_EXECUTABLE_FOLDER_PATH)/Montessori for All";
				XROS_DEPLOYMENT_TARGET = 26.0;
			};
			name = Release;
		};
		258FE95F2ECBB7E5004EE1E3 /* Debug */ = {
			isa = XCBuildConfiguration;
			buildSettings = {
				CODE_SIGN_STYLE = Automatic;
				CURRENT_PROJECT_VERSION = 1;
				DEVELOPMENT_TEAM = 4Y95589NSD;
				GENERATE_INFOPLIST_FILE = YES;
				IPHONEOS_DEPLOYMENT_TARGET = 26.0;
				MACOSX_DEPLOYMENT_TARGET = 15.7;
				MARKETING_VERSION = 1.0;
				PRODUCT_BUNDLE_IDENTIFIER = "com.shani.Montessori-for-AllUITests";
				PRODUCT_NAME = "$(TARGET_NAME)";
				SDKROOT = auto;
				STRING_CATALOG_GENERATE_SYMBOLS = NO;
				SUPPORTED_PLATFORMS = "iphoneos iphonesimulator macosx xros xrsimulator";
				SWIFT_APPROACHABLE_CONCURRENCY = YES;
				SWIFT_EMIT_LOC_STRINGS = NO;
				SWIFT_UPCOMING_FEATURE_MEMBER_IMPORT_VISIBILITY = YES;
				SWIFT_VERSION = 5.0;
				TARGETED_DEVICE_FAMILY = "1,2,7";
				TEST_TARGET_NAME = "Montessori for All";
				XROS_DEPLOYMENT_TARGET = 26.0;
			};
			name = Debug;
		};
		258FE9602ECBB7E5004EE1E3 /* Release */ = {
			isa = XCBuildConfiguration;
			buildSettings = {
				CODE_SIGN_STYLE = Automatic;
				CURRENT_PROJECT_VERSION = 1;
				DEVELOPMENT_TEAM = 4Y95589NSD;
				GENERATE_INFOPLIST_FILE = YES;
				IPHONEOS_DEPLOYMENT_TARGET = 26.0;
				MACOSX_DEPLOYMENT_TARGET = 15.7;
				MARKETING_VERSION = 1.0;
				PRODUCT_BUNDLE_IDENTIFIER = "com.shani.Montessori-for-AllUITests";
				PRODUCT_NAME = "$(TARGET_NAME)";
				SDKROOT = auto;
				STRING_CATALOG_GENERATE_SYMBOLS = NO;
				SUPPORTED_PLATFORMS = "iphoneos iphonesimulator macosx xros xrsimulator";
				SWIFT_APPROACHABLE_CONCURRENCY = YES;
				SWIFT_EMIT_LOC_STRINGS = NO;
				SWIFT_UPCOMING_FEATURE_MEMBER_IMPORT_VISIBILITY = YES;
				SWIFT_VERSION = 5.0;
				TARGETED_DEVICE_FAMILY = "1,2,7";
				TEST_TARGET_NAME = "Montessori for All";
				XROS_DEPLOYMENT_TARGET = 26.0;
			};
			name = Release;
		};
/* End XCBuildConfiguration section */

/* Begin XCConfigurationList section */
		258FE9302ECBB7E2004EE1E3 /* Build configuration list for PBXProject "Montessori for All" */ = {
			isa = XCConfigurationList;
			buildConfigurations = (
				258FE9562ECBB7E5004EE1E3 /* Debug */,
				258FE9572ECBB7E5004EE1E3 /* Release */,
			);
			defaultConfigurationIsVisible = 0;
			defaultConfigurationName = Release;
		};
		258FE9582ECBB7E5004EE1E3 /* Build configuration list for PBXNativeTarget "Montessori for All" */ = {
			isa = XCConfigurationList;
			buildConfigurations = (
				258FE9592ECBB7E5004EE1E3 /* Debug */,
				258FE95A2ECBB7E5004EE1E3 /* Release */,
			);
			defaultConfigurationIsVisible = 0;
			defaultConfigurationName = Release;
		};
		258FE95B2ECBB7E5004EE1E3 /* Build configuration list for PBXNativeTarget "Montessori for AllTests" */ = {
			isa = XCConfigurationList;
			buildConfigurations = (
				258FE95C2ECBB7E5004EE1E3 /* Debug */,
				258FE95D2ECBB7E5004EE1E3 /* Release */,
			);
			defaultConfigurationIsVisible = 0;
			defaultConfigurationName = Release;
		};
		258FE95E2ECBB7E5004EE1E3 /* Build configuration list for PBXNativeTarget "Montessori for AllUITests" */ = {
			isa = XCConfigurationList;
			buildConfigurations = (
				258FE95F2ECBB7E5004EE1E3 /* Debug */,
				258FE9602ECBB7E5004EE1E3 /* Release */,
			);
			defaultConfigurationIsVisible = 0;
			defaultConfigurationName = Release;
		};
/* End XCConfigurationList section */
	};
	rootObject = 258FE92D2ECBB7E2004EE1E3 /* Project object */;
}
